// !$*UTF8*$!
{
	archiveVersion = 1;
	classes = {
	};
	objectVersion = 50;
	objects = {

/* Begin PBXBuildFile section */
		9610059924BC759300042859 /* DetailView.swift in Sources */ = {isa = PBXBuildFile; fileRef = 9610059824BC759300042859 /* DetailView.swift */; };
		9621B13824BB51B70027F787 /* AppDelegate.swift in Sources */ = {isa = PBXBuildFile; fileRef = 9621B13724BB51B70027F787 /* AppDelegate.swift */; };
		9621B13A24BB51B70027F787 /* SceneDelegate.swift in Sources */ = {isa = PBXBuildFile; fileRef = 9621B13924BB51B70027F787 /* SceneDelegate.swift */; };
		9621B13C24BB51B70027F787 /* ContentView.swift in Sources */ = {isa = PBXBuildFile; fileRef = 9621B13B24BB51B70027F787 /* ContentView.swift */; };
		9621B13E24BB51BA0027F787 /* Assets.xcassets in Resources */ = {isa = PBXBuildFile; fileRef = 9621B13D24BB51BA0027F787 /* Assets.xcassets */; };
		9621B14124BB51BA0027F787 /* Preview Assets.xcassets in Resources */ = {isa = PBXBuildFile; fileRef = 9621B14024BB51BA0027F787 /* Preview Assets.xcassets */; };
		9621B14424BB51BA0027F787 /* LaunchScreen.storyboard in Resources */ = {isa = PBXBuildFile; fileRef = 9621B14224BB51BA0027F787 /* LaunchScreen.storyboard */; };
		9621B14C24BB55830027F787 /* PostData.swift in Sources */ = {isa = PBXBuildFile; fileRef = 9621B14B24BB55830027F787 /* PostData.swift */; };
		9621B14F24BB55FD0027F787 /* NetworkManager.swift in Sources */ = {isa = PBXBuildFile; fileRef = 9621B14E24BB55FD0027F787 /* NetworkManager.swift */; };
/* End PBXBuildFile section */

/* Begin PBXFileReference section */
		960D7E8F24BC7BDE00BA94F4 /* HNewsSwiftUI.entitlements */ = {isa = PBXFileReference; lastKnownFileType = text.plist.entitlements; path = HNewsSwiftUI.entitlements; sourceTree = "<group>"; };
		9610059824BC759300042859 /* DetailView.swift */ = {isa = PBXFileReference; lastKnownFileType = sourcecode.swift; path = DetailView.swift; sourceTree = "<group>"; };
		9621B13424BB51B70027F787 /* HNewsSwiftUI.app */ = {isa = PBXFileReference; explicitFileType = wrapper.application; includeInIndex = 0; path = HNewsSwiftUI.app; sourceTree = BUILT_PRODUCTS_DIR; };
		9621B13724BB51B70027F787 /* AppDelegate.swift */ = {isa = PBXFileReference; lastKnownFileType = sourcecode.swift; path = AppDelegate.swift; sourceTree = "<group>"; };
		9621B13924BB51B70027F787 /* SceneDelegate.swift */ = {isa = PBXFileReference; lastKnownFileType = sourcecode.swift; path = SceneDelegate.swift; sourceTree = "<group>"; };
		9621B13B24BB51B70027F787 /* ContentView.swift */ = {isa = PBXFileReference; lastKnownFileType = sourcecode.swift; path = ContentView.swift; sourceTree = "<group>"; };
		9621B13D24BB51BA0027F787 /* Assets.xcassets */ = {isa = PBXFileReference; lastKnownFileType = folder.assetcatalog; path = Assets.xcassets; sourceTree = "<group>"; };
		9621B14024BB51BA0027F787 /* Preview Assets.xcassets */ = {isa = PBXFileReference; lastKnownFileType = folder.assetcatalog; path = "Preview Assets.xcassets"; sourceTree = "<group>"; };
		9621B14324BB51BA0027F787 /* Base */ = {isa = PBXFileReference; lastKnownFileType = file.storyboard; name = Base; path = Base.lproj/LaunchScreen.storyboard; sourceTree = "<group>"; };
		9621B14524BB51BA0027F787 /* Info.plist */ = {isa = PBXFileReference; lastKnownFileType = text.plist.xml; path = Info.plist; sourceTree = "<group>"; };
		9621B14B24BB55830027F787 /* PostData.swift */ = {isa = PBXFileReference; lastKnownFileType = sourcecode.swift; path = PostData.swift; sourceTree = "<group>"; };
		9621B14E24BB55FD0027F787 /* NetworkManager.swift */ = {isa = PBXFileReference; lastKnownFileType = sourcecode.swift; path = NetworkManager.swift; sourceTree = "<group>"; };
/* End PBXFileReference section */

/* Begin PBXFrameworksBuildPhase section */
		9621B13124BB51B70027F787 /* Frameworks */ = {
			isa = PBXFrameworksBuildPhase;
			buildActionMask = 2147483647;
			files = (
			);
			runOnlyForDeploymentPostprocessing = 0;
		};
/* End PBXFrameworksBuildPhase section */

/* Begin PBXGroup section */
		9610059724BC758300042859 /* Views */ = {
			isa = PBXGroup;
			children = (
				9621B13B24BB51B70027F787 /* ContentView.swift */,
				9610059824BC759300042859 /* DetailView.swift */,
			);
			path = Views;
			sourceTree = "<group>";
		};
		9621B12B24BB51B70027F787 = {
			isa = PBXGroup;
			children = (
				9621B13624BB51B70027F787 /* HNewsSwiftUI */,
				9621B13524BB51B70027F787 /* Products */,
			);
			sourceTree = "<group>";
		};
		9621B13524BB51B70027F787 /* Products */ = {
			isa = PBXGroup;
			children = (
				9621B13424BB51B70027F787 /* HNewsSwiftUI.app */,
			);
			name = Products;
			sourceTree = "<group>";
		};
		9621B13624BB51B70027F787 /* HNewsSwiftUI */ = {
			isa = PBXGroup;
			children = (
				960D7E8F24BC7BDE00BA94F4 /* HNewsSwiftUI.entitlements */,
				9621B13724BB51B70027F787 /* AppDelegate.swift */,
				9621B13924BB51B70027F787 /* SceneDelegate.swift */,
				9610059724BC758300042859 /* Views */,
				9621B14D24BB55ED0027F787 /* Models */,
				9621B13D24BB51BA0027F787 /* Assets.xcassets */,
				9621B14224BB51BA0027F787 /* LaunchScreen.storyboard */,
				9621B14524BB51BA0027F787 /* Info.plist */,
				9621B13F24BB51BA0027F787 /* Preview Content */,
			);
			path = HNewsSwiftUI;
			sourceTree = "<group>";
		};
		9621B13F24BB51BA0027F787 /* Preview Content */ = {
			isa = PBXGroup;
			children = (
				9621B14024BB51BA0027F787 /* Preview Assets.xcassets */,
			);
			path = "Preview Content";
			sourceTree = "<group>";
		};
		9621B14D24BB55ED0027F787 /* Models */ = {
			isa = PBXGroup;
			children = (
				9621B14B24BB55830027F787 /* PostData.swift */,
				9621B14E24BB55FD0027F787 /* NetworkManager.swift */,
			);
			path = Models;
			sourceTree = "<group>";
		};
/* End PBXGroup section */

/* Begin PBXNativeTarget section */
		9621B13324BB51B70027F787 /* HNewsSwiftUI */ = {
			isa = PBXNativeTarget;
			buildConfigurationList = 9621B14824BB51BA0027F787 /* Build configuration list for PBXNativeTarget "HNewsSwiftUI" */;
			buildPhases = (
				9621B13024BB51B70027F787 /* Sources */,
				9621B13124BB51B70027F787 /* Frameworks */,
				9621B13224BB51B70027F787 /* Resources */,
			);
			buildRules = (
			);
			dependencies = (
			);
			name = HNewsSwiftUI;
			productName = HNewsSwiftUI;
			productReference = 9621B13424BB51B70027F787 /* HNewsSwiftUI.app */;
			productType = "com.apple.product-type.application";
		};
/* End PBXNativeTarget section */

/* Begin PBXProject section */
		9621B12C24BB51B70027F787 /* Project object */ = {
			isa = PBXProject;
			attributes = {
				LastSwiftUpdateCheck = 1130;
				LastUpgradeCheck = 1130;
				ORGANIZATIONNAME = shivam;
				TargetAttributes = {
					9621B13324BB51B70027F787 = {
						CreatedOnToolsVersion = 11.3.1;
					};
				};
			};
			buildConfigurationList = 9621B12F24BB51B70027F787 /* Build configuration list for PBXProject "HNewsSwiftUI" */;
			compatibilityVersion = "Xcode 9.3";
			developmentRegion = en;
			hasScannedForEncodings = 0;
			knownRegions = (
				en,
				Base,
			);
			mainGroup = 9621B12B24BB51B70027F787;
			productRefGroup = 9621B13524BB51B70027F787 /* Products */;
			projectDirPath = "";
			projectRoot = "";
			targets = (
				9621B13324BB51B70027F787 /* HNewsSwiftUI */,
			);
		};
/* End PBXProject section */

/* Begin PBXResourcesBuildPhase section */
		9621B13224BB51B70027F787 /* Resources */ = {
			isa = PBXResourcesBuildPhase;
			buildActionMask = 2147483647;
			files = (
				9621B14424BB51BA0027F787 /* LaunchScreen.storyboard in Resources */,
				9621B14124BB51BA0027F787 /* Preview Assets.xcassets in Resources */,
				9621B13E24BB51BA0027F787 /* Assets.xcassets in Resources */,
			);
			runOnlyForDeploymentPostprocessing = 0;
		};
/* End PBXResourcesBuildPhase section */

/* Begin PBXSourcesBuildPhase section */
		9621B13024BB51B70027F787 /* Sources */ = {
			isa = PBXSourcesBuildPhase;
			buildActionMask = 2147483647;
			files = (
				9621B13824BB51B70027F787 /* AppDelegate.swift in Sources */,
				9610059924BC759300042859 /* DetailView.swift in Sources */,
				9621B14C24BB55830027F787 /* PostData.swift in Sources */,
				9621B14F24BB55FD0027F787 /* NetworkManager.swift in Sources */,
				9621B13A24BB51B70027F787 /* SceneDelegate.swift in Sources */,
				9621B13C24BB51B70027F787 /* ContentView.swift in Sources */,
			);
			runOnlyForDeploymentPostprocessing = 0;
		};
/* End PBXSourcesBuildPhase section */

/* Begin PBXVariantGroup section */
		9621B14224BB51BA0027F787 /* LaunchScreen.storyboard */ = {
			isa = PBXVariantGroup;
			children = (
				9621B14324BB51BA0027F787 /* Base */,
			);
			name = LaunchScreen.storyboard;
			sourceTree = "<group>";
		};
/* End PBXVariantGroup section */

/* Begin XCBuildConfiguration section */
		9621B14624BB51BA0027F787 /* Debug */ = {
			isa = XCBuildConfiguration;
			buildSettings = {
				ALWAYS_SEARCH_USER_PATHS = NO;
				CLANG_ANALYZER_NONNULL = YES;
				CLANG_ANALYZER_NUMBER_OBJECT_CONVERSION = YES_AGGRESSIVE;
				CLANG_CXX_LANGUAGE_STANDARD = "gnu++14";
				CLANG_CXX_LIBRARY = "libc++";
				CLANG_ENABLE_MODULES = YES;
				CLANG_ENABLE_OBJC_ARC = YES;
				CLANG_ENABLE_OBJC_WEAK = YES;
				CLANG_WARN_BLOCK_CAPTURE_AUTORELEASING = YES;
				CLANG_WARN_BOOL_CONVERSION = YES;
				CLANG_WARN_COMMA = YES;
				CLANG_WARN_CONSTANT_CONVERSION = YES;
				CLANG_WARN_DEPRECATED_OBJC_IMPLEMENTATIONS = YES;
				CLANG_WARN_DIRECT_OBJC_ISA_USAGE = YES_ERROR;
				CLANG_WARN_DOCUMENTATION_COMMENTS = YES;
				CLANG_WARN_EMPTY_BODY = YES;
				CLANG_WARN_ENUM_CONVERSION = YES;
				CLANG_WARN_INFINITE_RECURSION = YES;
				CLANG_WARN_INT_CONVERSION = YES;
				CLANG_WARN_NON_LITERAL_NULL_CONVERSION = YES;
				CLANG_WARN_OBJC_IMPLICIT_RETAIN_SELF = YES;
				CLANG_WARN_OBJC_LITERAL_CONVERSION = YES;
				CLANG_WARN_OBJC_ROOT_CLASS = YES_ERROR;
				CLANG_WARN_RANGE_LOOP_ANALYSIS = YES;
				CLANG_WARN_STRICT_PROTOTYPES = YES;
				CLANG_WARN_SUSPICIOUS_MOVE = YES;
				CLANG_WARN_UNGUARDED_AVAILABILITY = YES_AGGRESSIVE;
				CLANG_WARN_UNREACHABLE_CODE = YES;
				CLANG_WARN__DUPLICATE_METHOD_MATCH = YES;
				COPY_PHASE_STRIP = NO;
				DEBUG_INFORMATION_FORMAT = dwarf;
				ENABLE_STRICT_OBJC_MSGSEND = YES;
				ENABLE_TESTABILITY = YES;
				GCC_C_LANGUAGE_STANDARD = gnu11;
				GCC_DYNAMIC_NO_PIC = NO;
				GCC_NO_COMMON_BLOCKS = YES;
				GCC_OPTIMIZATION_LEVEL = 0;
				GCC_PREPROCESSOR_DEFINITIONS = (
					"DEBUG=1",
					"$(inherited)",
				);
				GCC_WARN_64_TO_32_BIT_CONVERSION = YES;
				GCC_WARN_ABOUT_RETURN_TYPE = YES_ERROR;
				GCC_WARN_UNDECLARED_SELECTOR = YES;
				GCC_WARN_UNINITIALIZED_AUTOS = YES_AGGRESSIVE;
				GCC_WARN_UNUSED_FUNCTION = YES;
				GCC_WARN_UNUSED_VARIABLE = YES;
				IPHONEOS_DEPLOYMENT_TARGET = 13.2;
				MTL_ENABLE_DEBUG_INFO = INCLUDE_SOURCE;
				MTL_FAST_MATH = YES;
				ONLY_ACTIVE_ARCH = YES;
				SDKROOT = iphoneos;
				SWIFT_ACTIVE_COMPILATION_CONDITIONS = DEBUG;
				SWIFT_OPTIMIZATION_LEVEL = "-Onone";
			};
			name = Debug;
		};
		9621B14724BB51BA0027F787 /* Release */ = {
			isa = XCBuildConfiguration;
			buildSettings = {
				ALWAYS_SEARCH_USER_PATHS = NO;
				CLANG_ANALYZER_NONNULL = YES;
				CLANG_ANALYZER_NUMBER_OBJECT_CONVERSION = YES_AGGRESSIVE;
				CLANG_CXX_LANGUAGE_STANDARD = "gnu++14";
				CLANG_CXX_LIBRARY = "libc++";
				CLANG_ENABLE_MODULES = YES;
				CLANG_ENABLE_OBJC_ARC = YES;
				CLANG_ENABLE_OBJC_WEAK = YES;
				CLANG_WARN_BLOCK_CAPTURE_AUTORELEASING = YES;
				CLANG_WARN_BOOL_CONVERSION = YES;
				CLANG_WARN_COMMA = YES;
				CLANG_WARN_CONSTANT_CONVERSION = YES;
				CLANG_WARN_DEPRECATED_OBJC_IMPLEMENTATIONS = YES;
				CLANG_WARN_DIRECT_OBJC_ISA_USAGE = YES_ERROR;
				CLANG_WARN_DOCUMENTATION_COMMENTS = YES;
				CLANG_WARN_EMPTY_BODY = YES;
				CLANG_WARN_ENUM_CONVERSION = YES;
				CLANG_WARN_INFINITE_RECURSION = YES;
				CLANG_WARN_INT_CONVERSION = YES;
				CLANG_WARN_NON_LITERAL_NULL_CONVERSION = YES;
				CLANG_WARN_OBJC_IMPLICIT_RETAIN_SELF = YES;
				CLANG_WARN_OBJC_LITERAL_CONVERSION = YES;
				CLANG_WARN_OBJC_ROOT_CLASS = YES_ERROR;
				CLANG_WARN_RANGE_LOOP_ANALYSIS = YES;
				CLANG_WARN_STRICT_PROTOTYPES = YES;
				CLANG_WARN_SUSPICIOUS_MOVE = YES;
				CLANG_WARN_UNGUARDED_AVAILABILITY = YES_AGGRESSIVE;
				CLANG_WARN_UNREACHABLE_CODE = YES;
				CLANG_WARN__DUPLICATE_METHOD_MATCH = YES;
				COPY_PHASE_STRIP = NO;
				DEBUG_INFORMATION_FORMAT = "dwarf-with-dsym";
				ENABLE_NS_ASSERTIONS = NO;
				ENABLE_STRICT_OBJC_MSGSEND = YES;
				GCC_C_LANGUAGE_STANDARD = gnu11;
				GCC_NO_COMMON_BLOCKS = YES;
				GCC_WARN_64_TO_32_BIT_CONVERSION = YES;
				GCC_WARN_ABOUT_RETURN_TYPE = YES_ERROR;
				GCC_WARN_UNDECLARED_SELECTOR = YES;
				GCC_WARN_UNINITIALIZED_AUTOS = YES_AGGRESSIVE;
				GCC_WARN_UNUSED_FUNCTION = YES;
				GCC_WARN_UNUSED_VARIABLE = YES;
				IPHONEOS_DEPLOYMENT_TARGET = 13.2;
				MTL_ENABLE_DEBUG_INFO = NO;
				MTL_FAST_MATH = YES;
				SDKROOT = iphoneos;
				SWIFT_COMPILATION_MODE = wholemodule;
				SWIFT_OPTIMIZATION_LEVEL = "-O";
				VALIDATE_PRODUCT = YES;
			};
			name = Release;
		};
		9621B14924BB51BA0027F787 /* Debug */ = {
			isa = XCBuildConfiguration;
			buildSettings = {
				ASSETCATALOG_COMPILER_APPICON_NAME = AppIcon;
				CODE_SIGN_ENTITLEMENTS = HNewsSwiftUI/HNewsSwiftUI.entitlements;
				CODE_SIGN_STYLE = Automatic;
				DERIVE_MACCATALYST_PRODUCT_BUNDLE_IDENTIFIER = YES;
				DEVELOPMENT_ASSET_PATHS = "\"HNewsSwiftUI/Preview Content\"";
				DEVELOPMENT_TEAM = NBL2DFM5E9;
				ENABLE_PREVIEWS = YES;
				INFOPLIST_FILE = HNewsSwiftUI/Info.plist;
				IPHONEOS_DEPLOYMENT_TARGET = 13.0;
				LD_RUNPATH_SEARCH_PATHS = (
					"$(inherited)",
					"@executable_path/Frameworks",
				);
				PRODUCT_BUNDLE_IDENTIFIER = com.shivam.HNewsSwiftUI;
				PRODUCT_NAME = "$(TARGET_NAME)";
				SUPPORTS_MACCATALYST = YES;
				SWIFT_VERSION = 5.0;
				TARGETED_DEVICE_FAMILY = "1,2";
			};
			name = Debug;
		};
		9621B14A24BB51BA0027F787 /* Release */ = {
			isa = XCBuildConfiguration;
			buildSettings = {
				ASSETCATALOG_COMPILER_APPICON_NAME = AppIcon;
				CODE_SIGN_ENTITLEMENTS = HNewsSwiftUI/HNewsSwiftUI.entitlements;
				CODE_SIGN_STYLE = Automatic;
				DERIVE_MACCATALYST_PRODUCT_BUNDLE_IDENTIFIER = YES;
				DEVELOPMENT_ASSET_PATHS = "\"HNewsSwiftUI/Preview Content\"";
				DEVELOPMENT_TEAM = NBL2DFM5E9;
				ENABLE_PREVIEWS = YES;
				INFOPLIST_FILE = HNewsSwiftUI/Info.plist;
				IPHONEOS_DEPLOYMENT_TARGET = 13.0;
				LD_RUNPATH_SEARCH_PATHS = (
					"$(inherited)",
					"@executable_path/Frameworks",
				);
				PRODUCT_BUNDLE_IDENTIFIER = com.shivam.HNewsSwiftUI;
				PRODUCT_NAME = "$(TARGET_NAME)";
				SUPPORTS_MACCATALYST = YES;
				SWIFT_VERSION = 5.0;
				TARGETED_DEVICE_FAMILY = "1,2";
			};
			name = Release;
		};
/* End XCBuildConfiguration section */

/* Begin XCConfigurationList section */
		9621B12F24BB51B70027F787 /* Build configuration list for PBXProject "HNewsSwiftUI" */ = {
			isa = XCConfigurationList;
			buildConfigurations = (
				9621B14624BB51BA0027F787 /* Debug */,
				9621B14724BB51BA0027F787 /* Release */,
			);
			defaultConfigurationIsVisible = 0;
			defaultConfigurationName = Release;
		};
		9621B14824BB51BA0027F787 /* Build configuration list for PBXNativeTarget "HNewsSwiftUI" */ = {
			isa = XCConfigurationList;
			buildConfigurations = (
				9621B14924BB51BA0027F787 /* Debug */,
				9621B14A24BB51BA0027F787 /* Release */,
			);
			defaultConfigurationIsVisible = 0;
			defaultConfigurationName = Release;
		};
/* End XCConfigurationList section */
	};
	rootObject = 9621B12C24BB51B70027F787 /* Project object */;
}
